// !$*UTF8*$!
{
	archiveVersion = 1;
	classes = {
	};
	objectVersion = 56;
	objects = {

/* Begin PBXBuildFile section */
		A25E8303296FFEEE00CAC48D /* AppDelegate.swift in Sources */ = {isa = PBXBuildFile; fileRef = A25E8302296FFEEE00CAC48D /* AppDelegate.swift */; };
		A25E8305296FFEEE00CAC48D /* SceneDelegate.swift in Sources */ = {isa = PBXBuildFile; fileRef = A25E8304296FFEEE00CAC48D /* SceneDelegate.swift */; };
		A25E8307296FFEEE00CAC48D /* ViewController.swift in Sources */ = {isa = PBXBuildFile; fileRef = A25E8306296FFEEE00CAC48D /* ViewController.swift */; };
		A25E830A296FFEEE00CAC48D /* Main.storyboard in Resources */ = {isa = PBXBuildFile; fileRef = A25E8308296FFEEE00CAC48D /* Main.storyboard */; };
		A25E830C296FFEEE00CAC48D /* Assets.xcassets in Resources */ = {isa = PBXBuildFile; fileRef = A25E830B296FFEEE00CAC48D /* Assets.xcassets */; };
		A25E830F296FFEEE00CAC48D /* LaunchScreen.storyboard in Resources */ = {isa = PBXBuildFile; fileRef = A25E830D296FFEEE00CAC48D /* LaunchScreen.storyboard */; };
		A28183642975A2DE00104A3E /* ListViewController.swift in Sources */ = {isa = PBXBuildFile; fileRef = A28183632975A2DE00104A3E /* ListViewController.swift */; };
		A293B3032986D8A000480EB9 /* FieldView.swift in Sources */ = {isa = PBXBuildFile; fileRef = A293B3022986D8A000480EB9 /* FieldView.swift */; };
		A2B7FD37297C15FB00A682B9 /* SolutionView.swift in Sources */ = {isa = PBXBuildFile; fileRef = A2B7FD36297C15FB00A682B9 /* SolutionView.swift */; };
		A2C6591C2970633700FE29B7 /* ControlsPanelView.swift in Sources */ = {isa = PBXBuildFile; fileRef = A2C6591B2970633700FE29B7 /* ControlsPanelView.swift */; };
		A2C6591E2970635900FE29B7 /* CellView.swift in Sources */ = {isa = PBXBuildFile; fileRef = A2C6591D2970635900FE29B7 /* CellView.swift */; };
		A2C659202970636900FE29B7 /* Field.swift in Sources */ = {isa = PBXBuildFile; fileRef = A2C6591F2970636900FE29B7 /* Field.swift */; };
		A2C659222970642C00FE29B7 /* ResolvingViewController.swift in Sources */ = {isa = PBXBuildFile; fileRef = A2C659212970642C00FE29B7 /* ResolvingViewController.swift */; };
		A2C659272971336D00FE29B7 /* NumbersView.swift in Sources */ = {isa = PBXBuildFile; fileRef = A2C659262971336D00FE29B7 /* NumbersView.swift */; };
		A2C65929297142DB00FE29B7 /* Storage.swift in Sources */ = {isa = PBXBuildFile; fileRef = A2C65928297142DB00FE29B7 /* Storage.swift */; };
		A2F65D65297D6E98008B1C23 /* CrosswordLoader.swift in Sources */ = {isa = PBXBuildFile; fileRef = A2F65D64297D6E98008B1C23 /* CrosswordLoader.swift */; };
		A2F65D68297D7141008B1C23 /* SwiftSoup in Frameworks */ = {isa = PBXBuildFile; productRef = A2F65D67297D7141008B1C23 /* SwiftSoup */; };
/* End PBXBuildFile section */

/* Begin PBXFileReference section */
		A25E82FF296FFEEE00CAC48D /* nonogram.app */ = {isa = PBXFileReference; explicitFileType = wrapper.application; includeInIndex = 0; path = nonogram.app; sourceTree = BUILT_PRODUCTS_DIR; };
		A25E8302296FFEEE00CAC48D /* AppDelegate.swift */ = {isa = PBXFileReference; lastKnownFileType = sourcecode.swift; path = AppDelegate.swift; sourceTree = "<group>"; };
		A25E8304296FFEEE00CAC48D /* SceneDelegate.swift */ = {isa = PBXFileReference; lastKnownFileType = sourcecode.swift; path = SceneDelegate.swift; sourceTree = "<group>"; };
		A25E8306296FFEEE00CAC48D /* ViewController.swift */ = {isa = PBXFileReference; lastKnownFileType = sourcecode.swift; path = ViewController.swift; sourceTree = "<group>"; };
		A25E8309296FFEEE00CAC48D /* Base */ = {isa = PBXFileReference; lastKnownFileType = file.storyboard; name = Base; path = Base.lproj/Main.storyboard; sourceTree = "<group>"; };
		A25E830B296FFEEE00CAC48D /* Assets.xcassets */ = {isa = PBXFileReference; lastKnownFileType = folder.assetcatalog; path = Assets.xcassets; sourceTree = "<group>"; };
		A25E830E296FFEEE00CAC48D /* Base */ = {isa = PBXFileReference; lastKnownFileType = file.storyboard; name = Base; path = Base.lproj/LaunchScreen.storyboard; sourceTree = "<group>"; };
		A25E8310296FFEEE00CAC48D /* Info.plist */ = {isa = PBXFileReference; lastKnownFileType = text.plist.xml; path = Info.plist; sourceTree = "<group>"; };
		A28183632975A2DE00104A3E /* ListViewController.swift */ = {isa = PBXFileReference; lastKnownFileType = sourcecode.swift; path = ListViewController.swift; sourceTree = "<group>"; };
		A293B3022986D8A000480EB9 /* FieldView.swift */ = {isa = PBXFileReference; lastKnownFileType = sourcecode.swift; path = FieldView.swift; sourceTree = "<group>"; };
		A2B7FD36297C15FB00A682B9 /* SolutionView.swift */ = {isa = PBXFileReference; lastKnownFileType = sourcecode.swift; path = SolutionView.swift; sourceTree = "<group>"; };
		A2C6591B2970633700FE29B7 /* ControlsPanelView.swift */ = {isa = PBXFileReference; lastKnownFileType = sourcecode.swift; path = ControlsPanelView.swift; sourceTree = "<group>"; };
		A2C6591D2970635900FE29B7 /* CellView.swift */ = {isa = PBXFileReference; lastKnownFileType = sourcecode.swift; path = CellView.swift; sourceTree = "<group>"; };
		A2C6591F2970636900FE29B7 /* Field.swift */ = {isa = PBXFileReference; lastKnownFileType = sourcecode.swift; path = Field.swift; sourceTree = "<group>"; };
		A2C659212970642C00FE29B7 /* ResolvingViewController.swift */ = {isa = PBXFileReference; lastKnownFileType = sourcecode.swift; path = ResolvingViewController.swift; sourceTree = "<group>"; };
		A2C659262971336D00FE29B7 /* NumbersView.swift */ = {isa = PBXFileReference; lastKnownFileType = sourcecode.swift; path = NumbersView.swift; sourceTree = "<group>"; };
		A2C65928297142DB00FE29B7 /* Storage.swift */ = {isa = PBXFileReference; lastKnownFileType = sourcecode.swift; path = Storage.swift; sourceTree = "<group>"; };
		A2F65D64297D6E98008B1C23 /* CrosswordLoader.swift */ = {isa = PBXFileReference; lastKnownFileType = sourcecode.swift; path = CrosswordLoader.swift; sourceTree = "<group>"; };
/* End PBXFileReference section */

/* Begin PBXFrameworksBuildPhase section */
		A25E82FC296FFEED00CAC48D /* Frameworks */ = {
			isa = PBXFrameworksBuildPhase;
			buildActionMask = 2147483647;
			files = (
				A2F65D68297D7141008B1C23 /* SwiftSoup in Frameworks */,
			);
			runOnlyForDeploymentPostprocessing = 0;
		};
/* End PBXFrameworksBuildPhase section */

/* Begin PBXGroup section */
		A25E82F6296FFEED00CAC48D = {
			isa = PBXGroup;
			children = (
				A25E8301296FFEEE00CAC48D /* nonogram */,
				A25E8300296FFEEE00CAC48D /* Products */,
			);
			sourceTree = "<group>";
		};
		A25E8300296FFEEE00CAC48D /* Products */ = {
			isa = PBXGroup;
			children = (
				A25E82FF296FFEEE00CAC48D /* nonogram.app */,
			);
			name = Products;
			sourceTree = "<group>";
		};
		A25E8301296FFEEE00CAC48D /* nonogram */ = {
			isa = PBXGroup;
			children = (
				A25E8302296FFEEE00CAC48D /* AppDelegate.swift */,
				A25E8304296FFEEE00CAC48D /* SceneDelegate.swift */,
				A25E8306296FFEEE00CAC48D /* ViewController.swift */,
				A25E8308296FFEEE00CAC48D /* Main.storyboard */,
				A25E830B296FFEEE00CAC48D /* Assets.xcassets */,
				A25E830D296FFEEE00CAC48D /* LaunchScreen.storyboard */,
				A25E8310296FFEEE00CAC48D /* Info.plist */,
				A2C6591B2970633700FE29B7 /* ControlsPanelView.swift */,
				A2C6591D2970635900FE29B7 /* CellView.swift */,
				A2C6591F2970636900FE29B7 /* Field.swift */,
				A2C659212970642C00FE29B7 /* ResolvingViewController.swift */,
				A2C659262971336D00FE29B7 /* NumbersView.swift */,
				A2C65928297142DB00FE29B7 /* Storage.swift */,
				A28183632975A2DE00104A3E /* ListViewController.swift */,
				A2B7FD36297C15FB00A682B9 /* SolutionView.swift */,
				A2F65D64297D6E98008B1C23 /* CrosswordLoader.swift */,
				A293B3022986D8A000480EB9 /* FieldView.swift */,
			);
			path = nonogram;
			sourceTree = "<group>";
		};
/* End PBXGroup section */

/* Begin PBXNativeTarget section */
		A25E82FE296FFEED00CAC48D /* nonogram */ = {
			isa = PBXNativeTarget;
			buildConfigurationList = A25E8313296FFEEE00CAC48D /* Build configuration list for PBXNativeTarget "nonogram" */;
			buildPhases = (
				A25E82FB296FFEED00CAC48D /* Sources */,
				A25E82FC296FFEED00CAC48D /* Frameworks */,
				A25E82FD296FFEED00CAC48D /* Resources */,
			);
			buildRules = (
			);
			dependencies = (
			);
			name = nonogram;
			packageProductDependencies = (
				A2F65D67297D7141008B1C23 /* SwiftSoup */,
			);
			productName = nonogram;
			productReference = A25E82FF296FFEEE00CAC48D /* nonogram.app */;
			productType = "com.apple.product-type.application";
		};
/* End PBXNativeTarget section */

/* Begin PBXProject section */
		A25E82F7296FFEED00CAC48D /* Project object */ = {
			isa = PBXProject;
			attributes = {
				BuildIndependentTargetsInParallel = 1;
				LastSwiftUpdateCheck = 1420;
				LastUpgradeCheck = 1420;
				TargetAttributes = {
					A25E82FE296FFEED00CAC48D = {
						CreatedOnToolsVersion = 14.2;
					};
				};
			};
			buildConfigurationList = A25E82FA296FFEED00CAC48D /* Build configuration list for PBXProject "nonogram" */;
			compatibilityVersion = "Xcode 14.0";
			developmentRegion = en;
			hasScannedForEncodings = 0;
			knownRegions = (
				en,
				Base,
			);
			mainGroup = A25E82F6296FFEED00CAC48D;
			packageReferences = (
				A2F65D66297D7141008B1C23 /* XCRemoteSwiftPackageReference "SwiftSoup" */,
			);
			productRefGroup = A25E8300296FFEEE00CAC48D /* Products */;
			projectDirPath = "";
			projectRoot = "";
			targets = (
				A25E82FE296FFEED00CAC48D /* nonogram */,
			);
		};
/* End PBXProject section */

/* Begin PBXResourcesBuildPhase section */
		A25E82FD296FFEED00CAC48D /* Resources */ = {
			isa = PBXResourcesBuildPhase;
			buildActionMask = 2147483647;
			files = (
				A25E830F296FFEEE00CAC48D /* LaunchScreen.storyboard in Resources */,
				A25E830C296FFEEE00CAC48D /* Assets.xcassets in Resources */,
				A25E830A296FFEEE00CAC48D /* Main.storyboard in Resources */,
			);
			runOnlyForDeploymentPostprocessing = 0;
		};
/* End PBXResourcesBuildPhase section */

/* Begin PBXSourcesBuildPhase section */
		A25E82FB296FFEED00CAC48D /* Sources */ = {
			isa = PBXSourcesBuildPhase;
			buildActionMask = 2147483647;
			files = (
				A2C659222970642C00FE29B7 /* ResolvingViewController.swift in Sources */,
				A2B7FD37297C15FB00A682B9 /* SolutionView.swift in Sources */,
				A2C6591C2970633700FE29B7 /* ControlsPanelView.swift in Sources */,
				A25E8307296FFEEE00CAC48D /* ViewController.swift in Sources */,
				A2C659272971336D00FE29B7 /* NumbersView.swift in Sources */,
				A293B3032986D8A000480EB9 /* FieldView.swift in Sources */,
				A28183642975A2DE00104A3E /* ListViewController.swift in Sources */,
				A2C6591E2970635900FE29B7 /* CellView.swift in Sources */,
				A25E8303296FFEEE00CAC48D /* AppDelegate.swift in Sources */,
				A2C659202970636900FE29B7 /* Field.swift in Sources */,
				A2F65D65297D6E98008B1C23 /* CrosswordLoader.swift in Sources */,
				A25E8305296FFEEE00CAC48D /* SceneDelegate.swift in Sources */,
				A2C65929297142DB00FE29B7 /* Storage.swift in Sources */,
			);
			runOnlyForDeploymentPostprocessing = 0;
		};
/* End PBXSourcesBuildPhase section */

/* Begin PBXVariantGroup section */
		A25E8308296FFEEE00CAC48D /* Main.storyboard */ = {
			isa = PBXVariantGroup;
			children = (
				A25E8309296FFEEE00CAC48D /* Base */,
			);
			name = Main.storyboard;
			sourceTree = "<group>";
		};
		A25E830D296FFEEE00CAC48D /* LaunchScreen.storyboard */ = {
			isa = PBXVariantGroup;
			children = (
				A25E830E296FFEEE00CAC48D /* Base */,
			);
			name = LaunchScreen.storyboard;
			sourceTree = "<group>";
		};
/* End PBXVariantGroup section */

/* Begin XCBuildConfiguration section */
		A25E8311296FFEEE00CAC48D /* Debug */ = {
			isa = XCBuildConfiguration;
			buildSettings = {
				ALWAYS_SEARCH_USER_PATHS = NO;
				CLANG_ANALYZER_NONNULL = YES;
				CLANG_ANALYZER_NUMBER_OBJECT_CONVERSION = YES_AGGRESSIVE;
				CLANG_CXX_LANGUAGE_STANDARD = "gnu++20";
				CLANG_ENABLE_MODULES = YES;
				CLANG_ENABLE_OBJC_ARC = YES;
				CLANG_ENABLE_OBJC_WEAK = YES;
				CLANG_WARN_BLOCK_CAPTURE_AUTORELEASING = YES;
				CLANG_WARN_BOOL_CONVERSION = YES;
				CLANG_WARN_COMMA = YES;
				CLANG_WARN_CONSTANT_CONVERSION = YES;
				CLANG_WARN_DEPRECATED_OBJC_IMPLEMENTATIONS = YES;
				CLANG_WARN_DIRECT_OBJC_ISA_USAGE = YES_ERROR;
				CLANG_WARN_DOCUMENTATION_COMMENTS = YES;
				CLANG_WARN_EMPTY_BODY = YES;
				CLANG_WARN_ENUM_CONVERSION = YES;
				CLANG_WARN_INFINITE_RECURSION = YES;
				CLANG_WARN_INT_CONVERSION = YES;
				CLANG_WARN_NON_LITERAL_NULL_CONVERSION = YES;
				CLANG_WARN_OBJC_IMPLICIT_RETAIN_SELF = YES;
				CLANG_WARN_OBJC_LITERAL_CONVERSION = YES;
				CLANG_WARN_OBJC_ROOT_CLASS = YES_ERROR;
				CLANG_WARN_QUOTED_INCLUDE_IN_FRAMEWORK_HEADER = YES;
				CLANG_WARN_RANGE_LOOP_ANALYSIS = YES;
				CLANG_WARN_STRICT_PROTOTYPES = YES;
				CLANG_WARN_SUSPICIOUS_MOVE = YES;
				CLANG_WARN_UNGUARDED_AVAILABILITY = YES_AGGRESSIVE;
				CLANG_WARN_UNREACHABLE_CODE = YES;
				CLANG_WARN__DUPLICATE_METHOD_MATCH = YES;
				COPY_PHASE_STRIP = NO;
				DEBUG_INFORMATION_FORMAT = dwarf;
				ENABLE_STRICT_OBJC_MSGSEND = YES;
				ENABLE_TESTABILITY = YES;
				GCC_C_LANGUAGE_STANDARD = gnu11;
				GCC_DYNAMIC_NO_PIC = NO;
				GCC_NO_COMMON_BLOCKS = YES;
				GCC_OPTIMIZATION_LEVEL = 0;
				GCC_PREPROCESSOR_DEFINITIONS = (
					"DEBUG=1",
					"$(inherited)",
				);
				GCC_WARN_64_TO_32_BIT_CONVERSION = YES;
				GCC_WARN_ABOUT_RETURN_TYPE = YES_ERROR;
				GCC_WARN_UNDECLARED_SELECTOR = YES;
				GCC_WARN_UNINITIALIZED_AUTOS = YES_AGGRESSIVE;
				GCC_WARN_UNUSED_FUNCTION = YES;
				GCC_WARN_UNUSED_VARIABLE = YES;
				IPHONEOS_DEPLOYMENT_TARGET = 15.0;
				MTL_ENABLE_DEBUG_INFO = INCLUDE_SOURCE;
				MTL_FAST_MATH = YES;
				ONLY_ACTIVE_ARCH = YES;
				SDKROOT = iphoneos;
				SWIFT_ACTIVE_COMPILATION_CONDITIONS = DEBUG;
				SWIFT_OPTIMIZATION_LEVEL = "-Onone";
			};
			name = Debug;
		};
		A25E8312296FFEEE00CAC48D /* Release */ = {
			isa = XCBuildConfiguration;
			buildSettings = {
				ALWAYS_SEARCH_USER_PATHS = NO;
				CLANG_ANALYZER_NONNULL = YES;
				CLANG_ANALYZER_NUMBER_OBJECT_CONVERSION = YES_AGGRESSIVE;
				CLANG_CXX_LANGUAGE_STANDARD = "gnu++20";
				CLANG_ENABLE_MODULES = YES;
				CLANG_ENABLE_OBJC_ARC = YES;
				CLANG_ENABLE_OBJC_WEAK = YES;
				CLANG_WARN_BLOCK_CAPTURE_AUTORELEASING = YES;
				CLANG_WARN_BOOL_CONVERSION = YES;
				CLANG_WARN_COMMA = YES;
				CLANG_WARN_CONSTANT_CONVERSION = YES;
				CLANG_WARN_DEPRECATED_OBJC_IMPLEMENTATIONS = YES;
				CLANG_WARN_DIRECT_OBJC_ISA_USAGE = YES_ERROR;
				CLANG_WARN_DOCUMENTATION_COMMENTS = YES;
				CLANG_WARN_EMPTY_BODY = YES;
				CLANG_WARN_ENUM_CONVERSION = YES;
				CLANG_WARN_INFINITE_RECURSION = YES;
				CLANG_WARN_INT_CONVERSION = YES;
				CLANG_WARN_NON_LITERAL_NULL_CONVERSION = YES;
				CLANG_WARN_OBJC_IMPLICIT_RETAIN_SELF = YES;
				CLANG_WARN_OBJC_LITERAL_CONVERSION = YES;
				CLANG_WARN_OBJC_ROOT_CLASS = YES_ERROR;
				CLANG_WARN_QUOTED_INCLUDE_IN_FRAMEWORK_HEADER = YES;
				CLANG_WARN_RANGE_LOOP_ANALYSIS = YES;
				CLANG_WARN_STRICT_PROTOTYPES = YES;
				CLANG_WARN_SUSPICIOUS_MOVE = YES;
				CLANG_WARN_UNGUARDED_AVAILABILITY = YES_AGGRESSIVE;
				CLANG_WARN_UNREACHABLE_CODE = YES;
				CLANG_WARN__DUPLICATE_METHOD_MATCH = YES;
				COPY_PHASE_STRIP = NO;
				DEBUG_INFORMATION_FORMAT = "dwarf-with-dsym";
				ENABLE_NS_ASSERTIONS = NO;
				ENABLE_STRICT_OBJC_MSGSEND = YES;
				GCC_C_LANGUAGE_STANDARD = gnu11;
				GCC_NO_COMMON_BLOCKS = YES;
				GCC_WARN_64_TO_32_BIT_CONVERSION = YES;
				GCC_WARN_ABOUT_RETURN_TYPE = YES_ERROR;
				GCC_WARN_UNDECLARED_SELECTOR = YES;
				GCC_WARN_UNINITIALIZED_AUTOS = YES_AGGRESSIVE;
				GCC_WARN_UNUSED_FUNCTION = YES;
				GCC_WARN_UNUSED_VARIABLE = YES;
				IPHONEOS_DEPLOYMENT_TARGET = 15.0;
				MTL_ENABLE_DEBUG_INFO = NO;
				MTL_FAST_MATH = YES;
				SDKROOT = iphoneos;
				SWIFT_COMPILATION_MODE = wholemodule;
				SWIFT_OPTIMIZATION_LEVEL = "-O";
				VALIDATE_PRODUCT = YES;
			};
			name = Release;
		};
		A25E8314296FFEEE00CAC48D /* Debug */ = {
			isa = XCBuildConfiguration;
			buildSettings = {
				ASSETCATALOG_COMPILER_APPICON_NAME = AppIcon;
				ASSETCATALOG_COMPILER_GLOBAL_ACCENT_COLOR_NAME = AccentColor;
				CODE_SIGN_STYLE = Automatic;
				CURRENT_PROJECT_VERSION = 3;
				DEVELOPMENT_TEAM = AN9S2DSXZS;
				GENERATE_INFOPLIST_FILE = YES;
				INFOPLIST_FILE = nonogram/Info.plist;
				INFOPLIST_KEY_CFBundleDisplayName = Nono;
				INFOPLIST_KEY_LSApplicationCategoryType = "public.app-category.puzzle-games";
				INFOPLIST_KEY_UIApplicationSupportsIndirectInputEvents = YES;
				INFOPLIST_KEY_UILaunchStoryboardName = LaunchScreen;
				INFOPLIST_KEY_UIMainStoryboardFile = Main;
				INFOPLIST_KEY_UISupportedInterfaceOrientations_iPad = "UIInterfaceOrientationLandscapeLeft UIInterfaceOrientationLandscapeRight UIInterfaceOrientationPortrait UIInterfaceOrientationPortraitUpsideDown";
				INFOPLIST_KEY_UIUserInterfaceStyle = Light;
				LD_RUNPATH_SEARCH_PATHS = (
					"$(inherited)",
					"@executable_path/Frameworks",
				);
				MARKETING_VERSION = 1.0;
				PRODUCT_BUNDLE_IDENTIFIER = com.dmz.nonogram;
				PRODUCT_NAME = "$(TARGET_NAME)";
				SUPPORTED_PLATFORMS = "iphoneos iphonesimulator";
				SUPPORTS_MACCATALYST = NO;
				SUPPORTS_MAC_DESIGNED_FOR_IPHONE_IPAD = YES;
				SWIFT_EMIT_LOC_STRINGS = YES;
				SWIFT_VERSION = 5.0;
				TARGETED_DEVICE_FAMILY = 2;
			};
			name = Debug;
		};
		A25E8315296FFEEE00CAC48D /* Release */ = {
			isa = XCBuildConfiguration;
			buildSettings = {
				ASSETCATALOG_COMPILER_APPICON_NAME = AppIcon;
				ASSETCATALOG_COMPILER_GLOBAL_ACCENT_COLOR_NAME = AccentColor;
				CODE_SIGN_STYLE = Automatic;
				CURRENT_PROJECT_VERSION = 3;
				DEVELOPMENT_TEAM = AN9S2DSXZS;
				GENERATE_INFOPLIST_FILE = YES;
				INFOPLIST_FILE = nonogram/Info.plist;
				INFOPLIST_KEY_CFBundleDisplayName = Nono;
				INFOPLIST_KEY_LSApplicationCategoryType = "public.app-category.puzzle-games";
				INFOPLIST_KEY_UIApplicationSupportsIndirectInputEvents = YES;
				INFOPLIST_KEY_UILaunchStoryboardName = LaunchScreen;
				INFOPLIST_KEY_UIMainStoryboardFile = Main;
				INFOPLIST_KEY_UISupportedInterfaceOrientations_iPad = "UIInterfaceOrientationLandscapeLeft UIInterfaceOrientationLandscapeRight UIInterfaceOrientationPortrait UIInterfaceOrientationPortraitUpsideDown";
				INFOPLIST_KEY_UIUserInterfaceStyle = Light;
				LD_RUNPATH_SEARCH_PATHS = (
					"$(inherited)",
					"@executable_path/Frameworks",
				);
				MARKETING_VERSION = 1.0;
				PRODUCT_BUNDLE_IDENTIFIER = com.dmz.nonogram;
				PRODUCT_NAME = "$(TARGET_NAME)";
				SUPPORTED_PLATFORMS = "iphoneos iphonesimulator";
				SUPPORTS_MACCATALYST = NO;
				SUPPORTS_MAC_DESIGNED_FOR_IPHONE_IPAD = YES;
				SWIFT_EMIT_LOC_STRINGS = YES;
				SWIFT_VERSION = 5.0;
				TARGETED_DEVICE_FAMILY = 2;
			};
			name = Release;
		};
/* End XCBuildConfiguration section */

/* Begin XCConfigurationList section */
		A25E82FA296FFEED00CAC48D /* Build configuration list for PBXProject "nonogram" */ = {
			isa = XCConfigurationList;
			buildConfigurations = (
				A25E8311296FFEEE00CAC48D /* Debug */,
				A25E8312296FFEEE00CAC48D /* Release */,
			);
			defaultConfigurationIsVisible = 0;
			defaultConfigurationName = Release;
		};
		A25E8313296FFEEE00CAC48D /* Build configuration list for PBXNativeTarget "nonogram" */ = {
			isa = XCConfigurationList;
			buildConfigurations = (
				A25E8314296FFEEE00CAC48D /* Debug */,
				A25E8315296FFEEE00CAC48D /* Release */,
			);
			defaultConfigurationIsVisible = 0;
			defaultConfigurationName = Release;
		};
/* End XCConfigurationList section */

/* Begin XCRemoteSwiftPackageReference section */
		A2F65D66297D7141008B1C23 /* XCRemoteSwiftPackageReference "SwiftSoup" */ = {
			isa = XCRemoteSwiftPackageReference;
			repositoryURL = "https://github.com/scinfu/SwiftSoup.git";
			requirement = {
				kind = upToNextMinorVersion;
				minimumVersion = 2.5.0;
			};
		};
/* End XCRemoteSwiftPackageReference section */

/* Begin XCSwiftPackageProductDependency section */
		A2F65D67297D7141008B1C23 /* SwiftSoup */ = {
			isa = XCSwiftPackageProductDependency;
			package = A2F65D66297D7141008B1C23 /* XCRemoteSwiftPackageReference "SwiftSoup" */;
			productName = SwiftSoup;
		};
/* End XCSwiftPackageProductDependency section */
	};
	rootObject = A25E82F7296FFEED00CAC48D /* Project object */;
}
